
Microsoft Visual Studio Solution File, Format Version 12.00
# Visual Studio 15
VisualStudioVersion = 15.0.25914.0
MinimumVisualStudioVersion = 10.0.40219.1
Project("{FAE04EC0-301F-11D3-BF4B-00C04F79EFBC}") = "Task3.LogicBook", "Task3.Logic\Task3.LogicBook.csproj", "{2E395BC6-A749-478F-B927-6F6C287CED18}"
EndProject
Project("{FAE04EC0-301F-11D3-BF4B-00C04F79EFBC}") = "Task3.ConsoleUI", "Task3.ConsoleUI\Task3.ConsoleUI.csproj", "{B730E114-A904-48C5-B054-BDFFCC955B56}"
EndProject
Project("{FAE04EC0-301F-11D3-BF4B-00C04F79EFBC}") = "Task3.LogicSet", "..\..\..\Visual Studio 2013\Projects\NET.W.2016.01.Adadurov.11\Task3.Logic\Task3.LogicSet.csproj", "{72870978-20D0-4444-A06F-D4D2261E52E0}"
EndProject
Global
	GlobalSection(SolutionConfigurationPlatforms) = preSolution
		Debug|Any CPU = Debug|Any CPU
		Release|Any CPU = Release|Any CPU
	EndGlobalSection
	GlobalSection(ProjectConfigurationPlatforms) = postSolution
		{2E395BC6-A749-478F-B927-6F6C287CED18}.Debug|Any CPU.ActiveCfg = Debug|Any CPU
		{2E395BC6-A749-478F-B927-6F6C287CED18}.Debug|Any CPU.Build.0 = Debug|Any CPU
		{2E395BC6-A749-478F-B927-6F6C287CED18}.Release|Any CPU.ActiveCfg = Release|Any CPU
		{2E395BC6-A749-478F-B927-6F6C287CED18}.Release|Any CPU.Build.0 = Release|Any CPU
		{B730E114-A904-48C5-B054-BDFFCC955B56}.Debug|Any CPU.ActiveCfg = Debug|Any CPU
		{B730E114-A904-48C5-B054-BDFFCC955B56}.Debug|Any CPU.Build.0 = Debug|Any CPU
		{B730E114-A904-48C5-B054-BDFFCC955B56}.Release|Any CPU.ActiveCfg = Release|Any CPU
		{B730E114-A904-48C5-B054-BDFFCC955B56}.Release|Any CPU.Build.0 = Release|Any CPU
		{72870978-20D0-4444-A06F-D4D2261E52E0}.Debug|Any CPU.ActiveCfg = Debug|Any CPU
		{72870978-20D0-4444-A06F-D4D2261E52E0}.Debug|Any CPU.Build.0 = Debug|Any CPU
		{72870978-20D0-4444-A06F-D4D2261E52E0}.Release|Any CPU.ActiveCfg = Release|Any CPU
		{72870978-20D0-4444-A06F-D4D2261E52E0}.Release|Any CPU.Build.0 = Release|Any CPU
	EndGlobalSection
	GlobalSection(SolutionProperties) = preSolution
		HideSolutionNode = FALSE
	EndGlobalSection
EndGlobal
